
Microsoft Visual Studio Solution File, Format Version 12.00
# Visual Studio Version 17
VisualStudioVersion = 17.4.33205.214
MinimumVisualStudioVersion = 10.0.40219.1
Project("{9A19103F-16F7-4668-BE54-9A1E7A4F7556}") = "Employee.App", "Employee.App\Employee.App.csproj", "{3F6F95FD-4772-4DAB-A658-D6F9BB857658}"
EndProject
Project("{9A19103F-16F7-4668-BE54-9A1E7A4F7556}") = "Employee.EFCore.Data", "Employee.Data\Employee.EFCore.Data.csproj", "{B60B753F-8F6F-4287-983F-3758137F7634}"
EndProject
Project("{9A19103F-16F7-4668-BE54-9A1E7A4F7556}") = "Employee.Domain", "Employee.Domain\Employee.Domain.csproj", "{BB70405B-964C-47DC-AACC-5B7D3E47FDBF}"
EndProject
Project("{9A19103F-16F7-4668-BE54-9A1E7A4F7556}") = "Employee.EFCore.Service", "Employee.Service\Employee.EFCore.Service.csproj", "{164A6126-093E-41B0-9695-C8D2F18AA0DF}"
EndProject
Project("{2150E333-8FDC-42A3-9474-1A3956D46DE8}") = "ADO.NET", "ADO.NET", "{C8296AFF-5D84-444C-8C32-5D07A3121414}"
EndProject
Project("{2150E333-8FDC-42A3-9474-1A3956D46DE8}") = "EFCore", "EFCore", "{B4625A84-1BE3-4F6D-933F-67191C80032E}"
EndProject
Project("{9A19103F-16F7-4668-BE54-9A1E7A4F7556}") = "Employee.ADONET.Data", "Employee.ADONET.Data\Employee.ADONET.Data.csproj", "{15E7D987-A194-46B5-8C05-55F4266534B0}"
EndProject
Project("{9A19103F-16F7-4668-BE54-9A1E7A4F7556}") = "Employee.ADONET.Service", "Employee.ADONET.Service\Employee.ADONET.Service.csproj", "{546D5CF4-7802-4A7F-A3B0-C70BC5B4BB17}"
EndProject
Project("{2150E333-8FDC-42A3-9474-1A3956D46DE8}") = "Commons", "Commons", "{FAC94F8F-35AD-4B76-B537-001DC64E9235}"
EndProject
Global
	GlobalSection(SolutionConfigurationPlatforms) = preSolution
		Debug|Any CPU = Debug|Any CPU
		Release|Any CPU = Release|Any CPU
	EndGlobalSection
	GlobalSection(ProjectConfigurationPlatforms) = postSolution
		{3F6F95FD-4772-4DAB-A658-D6F9BB857658}.Debug|Any CPU.ActiveCfg = Debug|Any CPU
		{3F6F95FD-4772-4DAB-A658-D6F9BB857658}.Debug|Any CPU.Build.0 = Debug|Any CPU
		{3F6F95FD-4772-4DAB-A658-D6F9BB857658}.Release|Any CPU.ActiveCfg = Release|Any CPU
		{3F6F95FD-4772-4DAB-A658-D6F9BB857658}.Release|Any CPU.Build.0 = Release|Any CPU
		{B60B753F-8F6F-4287-983F-3758137F7634}.Debug|Any CPU.ActiveCfg = Debug|Any CPU
		{B60B753F-8F6F-4287-983F-3758137F7634}.Debug|Any CPU.Build.0 = Debug|Any CPU
		{B60B753F-8F6F-4287-983F-3758137F7634}.Release|Any CPU.ActiveCfg = Release|Any CPU
		{B60B753F-8F6F-4287-983F-3758137F7634}.Release|Any CPU.Build.0 = Release|Any CPU
		{BB70405B-964C-47DC-AACC-5B7D3E47FDBF}.Debug|Any CPU.ActiveCfg = Debug|Any CPU
		{BB70405B-964C-47DC-AACC-5B7D3E47FDBF}.Debug|Any CPU.Build.0 = Debug|Any CPU
		{BB70405B-964C-47DC-AACC-5B7D3E47FDBF}.Release|Any CPU.ActiveCfg = Release|Any CPU
		{BB70405B-964C-47DC-AACC-5B7D3E47FDBF}.Release|Any CPU.Build.0 = Release|Any CPU
		{164A6126-093E-41B0-9695-C8D2F18AA0DF}.Debug|Any CPU.ActiveCfg = Debug|Any CPU
		{164A6126-093E-41B0-9695-C8D2F18AA0DF}.Debug|Any CPU.Build.0 = Debug|Any CPU
		{164A6126-093E-41B0-9695-C8D2F18AA0DF}.Release|Any CPU.ActiveCfg = Release|Any CPU
		{164A6126-093E-41B0-9695-C8D2F18AA0DF}.Release|Any CPU.Build.0 = Release|Any CPU
		{15E7D987-A194-46B5-8C05-55F4266534B0}.Debug|Any CPU.ActiveCfg = Debug|Any CPU
		{15E7D987-A194-46B5-8C05-55F4266534B0}.Debug|Any CPU.Build.0 = Debug|Any CPU
		{15E7D987-A194-46B5-8C05-55F4266534B0}.Release|Any CPU.ActiveCfg = Release|Any CPU
		{15E7D987-A194-46B5-8C05-55F4266534B0}.Release|Any CPU.Build.0 = Release|Any CPU
		{546D5CF4-7802-4A7F-A3B0-C70BC5B4BB17}.Debug|Any CPU.ActiveCfg = Debug|Any CPU
		{546D5CF4-7802-4A7F-A3B0-C70BC5B4BB17}.Debug|Any CPU.Build.0 = Debug|Any CPU
		{546D5CF4-7802-4A7F-A3B0-C70BC5B4BB17}.Release|Any CPU.ActiveCfg = Release|Any CPU
		{546D5CF4-7802-4A7F-A3B0-C70BC5B4BB17}.Release|Any CPU.Build.0 = Release|Any CPU
	EndGlobalSection
	GlobalSection(SolutionProperties) = preSolution
		HideSolutionNode = FALSE
	EndGlobalSection
	GlobalSection(NestedProjects) = preSolution
		{B60B753F-8F6F-4287-983F-3758137F7634} = {B4625A84-1BE3-4F6D-933F-67191C80032E}
		{BB70405B-964C-47DC-AACC-5B7D3E47FDBF} = {FAC94F8F-35AD-4B76-B537-001DC64E9235}
		{164A6126-093E-41B0-9695-C8D2F18AA0DF} = {B4625A84-1BE3-4F6D-933F-67191C80032E}
		{15E7D987-A194-46B5-8C05-55F4266534B0} = {C8296AFF-5D84-444C-8C32-5D07A3121414}
		{546D5CF4-7802-4A7F-A3B0-C70BC5B4BB17} = {C8296AFF-5D84-444C-8C32-5D07A3121414}
	EndGlobalSection
	GlobalSection(ExtensibilityGlobals) = postSolution
		SolutionGuid = {A69FB858-2D4B-4D1C-9C2C-AAAE270D2752}
	EndGlobalSection
EndGlobal
